
Microsoft Visual Studio Solution File, Format Version 12.00
# Visual Studio Version 17
VisualStudioVersion = 17.2.32616.157
MinimumVisualStudioVersion = 10.0.40219.1
Project("{9A19103F-16F7-4668-BE54-9A1E7A4F7556}") = "HackerNewsCommentsFeed", "src\HackerNewsCommentsFeed\HackerNewsCommentsFeed.csproj", "{F63A08F7-6596-4BDF-A07F-D7ACB60EAECB}"
EndProject
Project("{9A19103F-16F7-4668-BE54-9A1E7A4F7556}") = "Tests", "src\Tests\Tests.csproj", "{264870F1-0AB8-478D-AC07-1BDCCA849C99}"
EndProject
Project("{FAE04EC0-301F-11D3-BF4B-00C04F79EFBC}") = "Application", "Application\Application.csproj", "{2F53F793-B973-4D2D-992B-7C1549259048}"
EndProject
Project("{FAE04EC0-301F-11D3-BF4B-00C04F79EFBC}") = "Domain", "Domain\Domain.csproj", "{9FE98C54-DCED-4B2A-A042-EF14EE966363}"
EndProject
Project("{FAE04EC0-301F-11D3-BF4B-00C04F79EFBC}") = "Infrastructure", "Infrastructure\Infrastructure.csproj", "{1FBEF38D-AF8B-4D50-9AC1-B7E29C91AA5F}"
EndProject
Project("{FAE04EC0-301F-11D3-BF4B-00C04F79EFBC}") = "Shared", "Shared\Shared.csproj", "{539DB487-93F6-4EFB-9D46-6387FCD5483A}"
EndProject
Global
	GlobalSection(SolutionConfigurationPlatforms) = preSolution
		Debug|Any CPU = Debug|Any CPU
		Release|Any CPU = Release|Any CPU
	EndGlobalSection
	GlobalSection(ProjectConfigurationPlatforms) = postSolution
		{F63A08F7-6596-4BDF-A07F-D7ACB60EAECB}.Debug|Any CPU.ActiveCfg = Debug|Any CPU
		{F63A08F7-6596-4BDF-A07F-D7ACB60EAECB}.Debug|Any CPU.Build.0 = Debug|Any CPU
		{F63A08F7-6596-4BDF-A07F-D7ACB60EAECB}.Release|Any CPU.ActiveCfg = Release|Any CPU
		{F63A08F7-6596-4BDF-A07F-D7ACB60EAECB}.Release|Any CPU.Build.0 = Release|Any CPU
		{264870F1-0AB8-478D-AC07-1BDCCA849C99}.Debug|Any CPU.ActiveCfg = Debug|Any CPU
		{264870F1-0AB8-478D-AC07-1BDCCA849C99}.Debug|Any CPU.Build.0 = Debug|Any CPU
		{264870F1-0AB8-478D-AC07-1BDCCA849C99}.Release|Any CPU.ActiveCfg = Release|Any CPU
		{264870F1-0AB8-478D-AC07-1BDCCA849C99}.Release|Any CPU.Build.0 = Release|Any CPU
		{2F53F793-B973-4D2D-992B-7C1549259048}.Debug|Any CPU.ActiveCfg = Debug|Any CPU
		{2F53F793-B973-4D2D-992B-7C1549259048}.Debug|Any CPU.Build.0 = Debug|Any CPU
		{2F53F793-B973-4D2D-992B-7C1549259048}.Release|Any CPU.ActiveCfg = Release|Any CPU
		{2F53F793-B973-4D2D-992B-7C1549259048}.Release|Any CPU.Build.0 = Release|Any CPU
		{9FE98C54-DCED-4B2A-A042-EF14EE966363}.Debug|Any CPU.ActiveCfg = Debug|Any CPU
		{9FE98C54-DCED-4B2A-A042-EF14EE966363}.Debug|Any CPU.Build.0 = Debug|Any CPU
		{9FE98C54-DCED-4B2A-A042-EF14EE966363}.Release|Any CPU.ActiveCfg = Release|Any CPU
		{9FE98C54-DCED-4B2A-A042-EF14EE966363}.Release|Any CPU.Build.0 = Release|Any CPU
		{1FBEF38D-AF8B-4D50-9AC1-B7E29C91AA5F}.Debug|Any CPU.ActiveCfg = Debug|Any CPU
		{1FBEF38D-AF8B-4D50-9AC1-B7E29C91AA5F}.Debug|Any CPU.Build.0 = Debug|Any CPU
		{1FBEF38D-AF8B-4D50-9AC1-B7E29C91AA5F}.Release|Any CPU.ActiveCfg = Release|Any CPU
		{1FBEF38D-AF8B-4D50-9AC1-B7E29C91AA5F}.Release|Any CPU.Build.0 = Release|Any CPU
		{539DB487-93F6-4EFB-9D46-6387FCD5483A}.Debug|Any CPU.ActiveCfg = Debug|Any CPU
		{539DB487-93F6-4EFB-9D46-6387FCD5483A}.Debug|Any CPU.Build.0 = Debug|Any CPU
		{539DB487-93F6-4EFB-9D46-6387FCD5483A}.Release|Any CPU.ActiveCfg = Release|Any CPU
		{539DB487-93F6-4EFB-9D46-6387FCD5483A}.Release|Any CPU.Build.0 = Release|Any CPU
	EndGlobalSection
	GlobalSection(SolutionProperties) = preSolution
		HideSolutionNode = FALSE
	EndGlobalSection
	GlobalSection(ExtensibilityGlobals) = postSolution
		SolutionGuid = {1352D2B6-DF68-4A4F-8A07-E6236ECB668F}
	EndGlobalSection
EndGlobal
